
Microsoft Visual Studio Solution File, Format Version 12.00
# Visual Studio 15
Project("{FAE04EC0-301F-11D3-BF4B-00C04F79EFBC}") = "TCoSPackageImporter", "SBAssemblies.csproj", "{9C7379BE-970A-5458-7343-F7D2EE7AF2B4}"
EndProject
Project("{FAE04EC0-301F-11D3-BF4B-00C04F79EFBC}") = "TCoSPackageImporter", "SBPackageExtractor.csproj", "{79A7DDCA-CA12-71DD-D028-8AE55D474857}"
EndProject
Project("{FAE04EC0-301F-11D3-BF4B-00C04F79EFBC}") = "TCoSPackageImporter", "Assembly-CSharp-Editor.csproj", "{98994706-6AC4-6A16-4640-192036D311C7}"
EndProject
Global
	GlobalSection(SolutionConfigurationPlatforms) = preSolution
		Debug|Any CPU = Debug|Any CPU
		Release|Any CPU = Release|Any CPU
	EndGlobalSection
	GlobalSection(ProjectConfigurationPlatforms) = postSolution
		{9C7379BE-970A-5458-7343-F7D2EE7AF2B4}.Debug|Any CPU.ActiveCfg = Debug|Any CPU
		{9C7379BE-970A-5458-7343-F7D2EE7AF2B4}.Debug|Any CPU.Build.0 = Debug|Any CPU
		{9C7379BE-970A-5458-7343-F7D2EE7AF2B4}.Release|Any CPU.ActiveCfg = Release|Any CPU
		{9C7379BE-970A-5458-7343-F7D2EE7AF2B4}.Release|Any CPU.Build.0 = Release|Any CPU
		{79A7DDCA-CA12-71DD-D028-8AE55D474857}.Debug|Any CPU.ActiveCfg = Debug|Any CPU
		{79A7DDCA-CA12-71DD-D028-8AE55D474857}.Debug|Any CPU.Build.0 = Debug|Any CPU
		{79A7DDCA-CA12-71DD-D028-8AE55D474857}.Release|Any CPU.ActiveCfg = Release|Any CPU
		{79A7DDCA-CA12-71DD-D028-8AE55D474857}.Release|Any CPU.Build.0 = Release|Any CPU
		{98994706-6AC4-6A16-4640-192036D311C7}.Debug|Any CPU.ActiveCfg = Debug|Any CPU
		{98994706-6AC4-6A16-4640-192036D311C7}.Debug|Any CPU.Build.0 = Debug|Any CPU
		{98994706-6AC4-6A16-4640-192036D311C7}.Release|Any CPU.ActiveCfg = Release|Any CPU
		{98994706-6AC4-6A16-4640-192036D311C7}.Release|Any CPU.Build.0 = Release|Any CPU
	EndGlobalSection
	GlobalSection(SolutionProperties) = preSolution
		HideSolutionNode = FALSE
	EndGlobalSection
EndGlobal
