
Microsoft Visual Studio Solution File, Format Version 12.00
# Visual Studio 15
Project("{FAE04EC0-301F-11D3-BF4B-00C04F79EFBC}") = "TCoSFileReader", "SBAssemblies.csproj", "{E6790907-C204-AB5F-88F2-69EF45BC6ED5}"
EndProject
Project("{FAE04EC0-301F-11D3-BF4B-00C04F79EFBC}") = "TCoSFileReader", "Assembly-CSharp-firstpass.csproj", "{B69B6821-E600-CFD8-0931-21516177F8BF}"
EndProject
Project("{FAE04EC0-301F-11D3-BF4B-00C04F79EFBC}") = "TCoSFileReader", "Assembly-CSharp-Editor-firstpass.csproj", "{15FF0F92-9950-F686-99BA-3A429C8473A3}"
EndProject
Project("{FAE04EC0-301F-11D3-BF4B-00C04F79EFBC}") = "TCoSFileReader", "SBPackageExtractor.csproj", "{FDC7F53E-E0FD-1A51-1488-EA5AA70AEED4}"
EndProject
Project("{FAE04EC0-301F-11D3-BF4B-00C04F79EFBC}") = "TCoSFileReader", "Assembly-CSharp-Editor.csproj", "{4644131D-157B-1620-B6C8-2C8D71EB6395}"
EndProject
Global
	GlobalSection(SolutionConfigurationPlatforms) = preSolution
		Debug|Any CPU = Debug|Any CPU
		Release|Any CPU = Release|Any CPU
	EndGlobalSection
	GlobalSection(ProjectConfigurationPlatforms) = postSolution
		{E6790907-C204-AB5F-88F2-69EF45BC6ED5}.Debug|Any CPU.ActiveCfg = Debug|Any CPU
		{E6790907-C204-AB5F-88F2-69EF45BC6ED5}.Debug|Any CPU.Build.0 = Debug|Any CPU
		{E6790907-C204-AB5F-88F2-69EF45BC6ED5}.Release|Any CPU.ActiveCfg = Release|Any CPU
		{E6790907-C204-AB5F-88F2-69EF45BC6ED5}.Release|Any CPU.Build.0 = Release|Any CPU
		{B69B6821-E600-CFD8-0931-21516177F8BF}.Debug|Any CPU.ActiveCfg = Debug|Any CPU
		{B69B6821-E600-CFD8-0931-21516177F8BF}.Debug|Any CPU.Build.0 = Debug|Any CPU
		{B69B6821-E600-CFD8-0931-21516177F8BF}.Release|Any CPU.ActiveCfg = Release|Any CPU
		{B69B6821-E600-CFD8-0931-21516177F8BF}.Release|Any CPU.Build.0 = Release|Any CPU
		{15FF0F92-9950-F686-99BA-3A429C8473A3}.Debug|Any CPU.ActiveCfg = Debug|Any CPU
		{15FF0F92-9950-F686-99BA-3A429C8473A3}.Debug|Any CPU.Build.0 = Debug|Any CPU
		{15FF0F92-9950-F686-99BA-3A429C8473A3}.Release|Any CPU.ActiveCfg = Release|Any CPU
		{15FF0F92-9950-F686-99BA-3A429C8473A3}.Release|Any CPU.Build.0 = Release|Any CPU
		{FDC7F53E-E0FD-1A51-1488-EA5AA70AEED4}.Debug|Any CPU.ActiveCfg = Debug|Any CPU
		{FDC7F53E-E0FD-1A51-1488-EA5AA70AEED4}.Debug|Any CPU.Build.0 = Debug|Any CPU
		{FDC7F53E-E0FD-1A51-1488-EA5AA70AEED4}.Release|Any CPU.ActiveCfg = Release|Any CPU
		{FDC7F53E-E0FD-1A51-1488-EA5AA70AEED4}.Release|Any CPU.Build.0 = Release|Any CPU
		{4644131D-157B-1620-B6C8-2C8D71EB6395}.Debug|Any CPU.ActiveCfg = Debug|Any CPU
		{4644131D-157B-1620-B6C8-2C8D71EB6395}.Debug|Any CPU.Build.0 = Debug|Any CPU
		{4644131D-157B-1620-B6C8-2C8D71EB6395}.Release|Any CPU.ActiveCfg = Release|Any CPU
		{4644131D-157B-1620-B6C8-2C8D71EB6395}.Release|Any CPU.Build.0 = Release|Any CPU
	EndGlobalSection
	GlobalSection(SolutionProperties) = preSolution
		HideSolutionNode = FALSE
	EndGlobalSection
EndGlobal
