
Microsoft Visual Studio Solution File, Format Version 12.00
# Visual Studio 15
Project("{FAE04EC0-301F-11D3-BF4B-00C04F79EFBC}") = "TCoSPackageImporter", "TCoSPackageImporter.csproj", "{E11503AD-8392-4AA9-BA67-ABF56144697F}"
EndProject
Project("{FAE04EC0-301F-11D3-BF4B-00C04F79EFBC}") = "TCoSPackageImporter.Plugins", "TCoSPackageImporter.Plugins.csproj", "{36A3AA9C-1FCB-9D42-C238-0CD5067590B2}"
EndProject
Project("{FAE04EC0-301F-11D3-BF4B-00C04F79EFBC}") = "TCoSPackageImporter.Editor", "TCoSPackageImporter.Editor.csproj", "{8C9ECDEC-3A4D-44A4-7197-79385B3CBA42}"
EndProject
Project("{FAE04EC0-301F-11D3-BF4B-00C04F79EFBC}") = "TCoSPackageImporter.Editor.Plugins", "TCoSPackageImporter.Editor.Plugins.csproj", "{D5088807-D652-5D15-DB7C-1B95ECD0371F}"
EndProject
Global
	GlobalSection(SolutionConfigurationPlatforms) = preSolution
		Debug|Any CPU = Debug|Any CPU
		Release|Any CPU = Release|Any CPU
	EndGlobalSection
	GlobalSection(ProjectConfigurationPlatforms) = postSolution
		{E11503AD-8392-4AA9-BA67-ABF56144697F}.Debug|Any CPU.ActiveCfg = Debug|Any CPU
		{E11503AD-8392-4AA9-BA67-ABF56144697F}.Debug|Any CPU.Build.0 = Debug|Any CPU
		{E11503AD-8392-4AA9-BA67-ABF56144697F}.Release|Any CPU.ActiveCfg = Release|Any CPU
		{E11503AD-8392-4AA9-BA67-ABF56144697F}.Release|Any CPU.Build.0 = Release|Any CPU
		{36A3AA9C-1FCB-9D42-C238-0CD5067590B2}.Debug|Any CPU.ActiveCfg = Debug|Any CPU
		{36A3AA9C-1FCB-9D42-C238-0CD5067590B2}.Debug|Any CPU.Build.0 = Debug|Any CPU
		{36A3AA9C-1FCB-9D42-C238-0CD5067590B2}.Release|Any CPU.ActiveCfg = Release|Any CPU
		{36A3AA9C-1FCB-9D42-C238-0CD5067590B2}.Release|Any CPU.Build.0 = Release|Any CPU
		{8C9ECDEC-3A4D-44A4-7197-79385B3CBA42}.Debug|Any CPU.ActiveCfg = Debug|Any CPU
		{8C9ECDEC-3A4D-44A4-7197-79385B3CBA42}.Debug|Any CPU.Build.0 = Debug|Any CPU
		{8C9ECDEC-3A4D-44A4-7197-79385B3CBA42}.Release|Any CPU.ActiveCfg = Release|Any CPU
		{8C9ECDEC-3A4D-44A4-7197-79385B3CBA42}.Release|Any CPU.Build.0 = Release|Any CPU
		{D5088807-D652-5D15-DB7C-1B95ECD0371F}.Debug|Any CPU.ActiveCfg = Debug|Any CPU
		{D5088807-D652-5D15-DB7C-1B95ECD0371F}.Debug|Any CPU.Build.0 = Debug|Any CPU
		{D5088807-D652-5D15-DB7C-1B95ECD0371F}.Release|Any CPU.ActiveCfg = Release|Any CPU
		{D5088807-D652-5D15-DB7C-1B95ECD0371F}.Release|Any CPU.Build.0 = Release|Any CPU
	EndGlobalSection
	GlobalSection(SolutionProperties) = preSolution
		HideSolutionNode = FALSE
	EndGlobalSection
EndGlobal
